
Microsoft Visual Studio Solution File, Format Version 12.00
# Visual Studio Version 17
VisualStudioVersion = 17.8.34330.188
MinimumVisualStudioVersion = 10.0.40219.1
Project("{FAE04EC0-301F-11D3-BF4B-00C04F79EFBC}") = "SolarFlex", "SolarFlex\SolarFlex.csproj", "{366C6707-FF30-43B6-85C8-2A2AD10B2BD9}"
EndProject
Project("{FAE04EC0-301F-11D3-BF4B-00C04F79EFBC}") = "IoTHubDataCollectorFunction", "IoTHubDataCollectorFunction\IoTHubDataCollectorFunction.csproj", "{EA8CA5CD-1694-47E7-9D95-0BC6F4ED9783}"
EndProject
Global
	GlobalSection(SolutionConfigurationPlatforms) = preSolution
		Debug|Any CPU = Debug|Any CPU
		Release|Any CPU = Release|Any CPU
	EndGlobalSection
	GlobalSection(ProjectConfigurationPlatforms) = postSolution
		{366C6707-FF30-43B6-85C8-2A2AD10B2BD9}.Debug|Any CPU.ActiveCfg = Debug|Any CPU
		{366C6707-FF30-43B6-85C8-2A2AD10B2BD9}.Debug|Any CPU.Build.0 = Debug|Any CPU
		{366C6707-FF30-43B6-85C8-2A2AD10B2BD9}.Release|Any CPU.ActiveCfg = Release|Any CPU
		{366C6707-FF30-43B6-85C8-2A2AD10B2BD9}.Release|Any CPU.Build.0 = Release|Any CPU
		{EA8CA5CD-1694-47E7-9D95-0BC6F4ED9783}.Debug|Any CPU.ActiveCfg = Debug|Any CPU
		{EA8CA5CD-1694-47E7-9D95-0BC6F4ED9783}.Debug|Any CPU.Build.0 = Debug|Any CPU
		{EA8CA5CD-1694-47E7-9D95-0BC6F4ED9783}.Release|Any CPU.ActiveCfg = Release|Any CPU
		{EA8CA5CD-1694-47E7-9D95-0BC6F4ED9783}.Release|Any CPU.Build.0 = Release|Any CPU
	EndGlobalSection
	GlobalSection(SolutionProperties) = preSolution
		HideSolutionNode = FALSE
	EndGlobalSection
	GlobalSection(ExtensibilityGlobals) = postSolution
		SolutionGuid = {5E8E5254-6F93-4B94-B064-A135113A1CC6}
	EndGlobalSection
EndGlobal
